
Microsoft Visual Studio Solution File, Format Version 12.00
# Visual Studio 15
VisualStudioVersion = 15.0.28307.329
MinimumVisualStudioVersion = 10.0.40219.1
Project("{8BC9CEB8-8B4A-11D0-8D11-00A0C91BC942}") = "glTFtoMesh", "glTFtoMesh\glTFtoMesh.vcxproj", "{2FF9FB7A-62DC-42DB-A44D-805514E0FE62}"
EndProject
Global
	GlobalSection(SolutionConfigurationPlatforms) = preSolution
		Debug|x64 = Debug|x64
		Debug|x86 = Debug|x86
		Release|x64 = Release|x64
		Release|x86 = Release|x86
	EndGlobalSection
	GlobalSection(ProjectConfigurationPlatforms) = postSolution
		{2FF9FB7A-62DC-42DB-A44D-805514E0FE62}.Debug|x64.ActiveCfg = Debug|x64
		{2FF9FB7A-62DC-42DB-A44D-805514E0FE62}.Debug|x64.Build.0 = Debug|x64
		{2FF9FB7A-62DC-42DB-A44D-805514E0FE62}.Debug|x86.ActiveCfg = Debug|Win32
		{2FF9FB7A-62DC-42DB-A44D-805514E0FE62}.Debug|x86.Build.0 = Debug|Win32
		{2FF9FB7A-62DC-42DB-A44D-805514E0FE62}.Release|x64.ActiveCfg = Release|x64
		{2FF9FB7A-62DC-42DB-A44D-805514E0FE62}.Release|x64.Build.0 = Release|x64
		{2FF9FB7A-62DC-42DB-A44D-805514E0FE62}.Release|x86.ActiveCfg = Release|Win32
		{2FF9FB7A-62DC-42DB-A44D-805514E0FE62}.Release|x86.Build.0 = Release|Win32
	EndGlobalSection
	GlobalSection(SolutionProperties) = preSolution
		HideSolutionNode = FALSE
	EndGlobalSection
	GlobalSection(ExtensibilityGlobals) = postSolution
		SolutionGuid = {1454549E-B7AA-41CE-8555-D9185A069FF8}
	EndGlobalSection
EndGlobal
